
Microsoft Visual Studio Solution File, Format Version 12.00
# Visual Studio Version 17
VisualStudioVersion = 17.3.32819.101
MinimumVisualStudioVersion = 10.0.40219.1
Project("{FAE04EC0-301F-11D3-BF4B-00C04F79EFBC}") = "HelpProject", "HelpProject.csproj", "{FE673602-6E78-4E04-990C-57B3C36328D6}"
EndProject
Global
	GlobalSection(SolutionConfigurationPlatforms) = preSolution
		Debug|Any CPU = Debug|Any CPU
		Release|Any CPU = Release|Any CPU
	EndGlobalSection
	GlobalSection(ProjectConfigurationPlatforms) = postSolution
		{FE673602-6E78-4E04-990C-57B3C36328D6}.Debug|Any CPU.ActiveCfg = Debug|Any CPU
		{FE673602-6E78-4E04-990C-57B3C36328D6}.Debug|Any CPU.Build.0 = Debug|Any CPU
		{FE673602-6E78-4E04-990C-57B3C36328D6}.Release|Any CPU.ActiveCfg = Release|Any CPU
		{FE673602-6E78-4E04-990C-57B3C36328D6}.Release|Any CPU.Build.0 = Release|Any CPU
	EndGlobalSection
	GlobalSection(SolutionProperties) = preSolution
		HideSolutionNode = FALSE
	EndGlobalSection
	GlobalSection(ExtensibilityGlobals) = postSolution
		SolutionGuid = {299FEEBF-9D59-4BD2-B17E-AED074B9589B}
	EndGlobalSection
EndGlobal
